// !$*UTF8*$!
{
	archiveVersion = 1;
	classes = {
	};
	objectVersion = 56;
	objects = {

/* Begin PBXBuildFile section */
		20326DF42B68EE35006D5709 /* ReactBridgeDelegate.m in Sources */ = {isa = PBXBuildFile; fileRef = 20326DF32B68EE35006D5709 /* ReactBridgeDelegate.m */; };
		204C99072B68D1730011A93B /* AppDelegate.m in Sources */ = {isa = PBXBuildFile; fileRef = 204C99062B68D1730011A93B /* AppDelegate.m */; };
		204C990A2B68D1730011A93B /* SceneDelegate.m in Sources */ = {isa = PBXBuildFile; fileRef = 204C99092B68D1730011A93B /* SceneDelegate.m */; };
		204C990D2B68D1730011A93B /* ReactViewController.m in Sources */ = {isa = PBXBuildFile; fileRef = 204C990C2B68D1730011A93B /* ReactViewController.m */; };
		204C99102B68D1730011A93B /* Main.storyboard in Resources */ = {isa = PBXBuildFile; fileRef = 204C990E2B68D1730011A93B /* Main.storyboard */; };
		204C99122B68D1750011A93B /* Assets.xcassets in Resources */ = {isa = PBXBuildFile; fileRef = 204C99112B68D1750011A93B /* Assets.xcassets */; };
		204C99152B68D1750011A93B /* LaunchScreen.storyboard in Resources */ = {isa = PBXBuildFile; fileRef = 204C99132B68D1750011A93B /* LaunchScreen.storyboard */; };
		204C99182B68D1750011A93B /* main.m in Sources */ = {isa = PBXBuildFile; fileRef = 204C99172B68D1750011A93B /* main.m */; };
		DB09FFC0D51F8F1295CE083C /* libPods-Brownfield.a in Frameworks */ = {isa = PBXBuildFile; fileRef = 89F51DB29B15F405D3B4DAEC /* libPods-Brownfield.a */; };
/* End PBXBuildFile section */

/* Begin PBXFileReference section */
		20326DF22B68EE35006D5709 /* ReactBridgeDelegate.h */ = {isa = PBXFileReference; lastKnownFileType = sourcecode.c.h; path = ReactBridgeDelegate.h; sourceTree = "<group>"; };
		20326DF32B68EE35006D5709 /* ReactBridgeDelegate.m */ = {isa = PBXFileReference; lastKnownFileType = sourcecode.c.objc; path = ReactBridgeDelegate.m; sourceTree = "<group>"; };
		204C99022B68D1730011A93B /* Brownfield.app */ = {isa = PBXFileReference; explicitFileType = wrapper.application; includeInIndex = 0; path = Brownfield.app; sourceTree = BUILT_PRODUCTS_DIR; };
		204C99052B68D1730011A93B /* AppDelegate.h */ = {isa = PBXFileReference; lastKnownFileType = sourcecode.c.h; path = AppDelegate.h; sourceTree = "<group>"; };
		204C99062B68D1730011A93B /* AppDelegate.m */ = {isa = PBXFileReference; lastKnownFileType = sourcecode.c.objc; path = AppDelegate.m; sourceTree = "<group>"; };
		204C99082B68D1730011A93B /* SceneDelegate.h */ = {isa = PBXFileReference; lastKnownFileType = sourcecode.c.h; path = SceneDelegate.h; sourceTree = "<group>"; };
		204C99092B68D1730011A93B /* SceneDelegate.m */ = {isa = PBXFileReference; lastKnownFileType = sourcecode.c.objc; path = SceneDelegate.m; sourceTree = "<group>"; };
		204C990B2B68D1730011A93B /* ReactViewController.h */ = {isa = PBXFileReference; lastKnownFileType = sourcecode.c.h; path = ReactViewController.h; sourceTree = "<group>"; };
		204C990C2B68D1730011A93B /* ReactViewController.m */ = {isa = PBXFileReference; lastKnownFileType = sourcecode.c.objc; path = ReactViewController.m; sourceTree = "<group>"; };
		204C990F2B68D1730011A93B /* Base */ = {isa = PBXFileReference; lastKnownFileType = file.storyboard; name = Base; path = Base.lproj/Main.storyboard; sourceTree = "<group>"; };
		204C99112B68D1750011A93B /* Assets.xcassets */ = {isa = PBXFileReference; lastKnownFileType = folder.assetcatalog; path = Assets.xcassets; sourceTree = "<group>"; };
		204C99142B68D1750011A93B /* Base */ = {isa = PBXFileReference; lastKnownFileType = file.storyboard; name = Base; path = Base.lproj/LaunchScreen.storyboard; sourceTree = "<group>"; };
		204C99162B68D1750011A93B /* Info.plist */ = {isa = PBXFileReference; lastKnownFileType = text.plist.xml; path = Info.plist; sourceTree = "<group>"; };
		204C99172B68D1750011A93B /* main.m */ = {isa = PBXFileReference; lastKnownFileType = sourcecode.c.objc; path = main.m; sourceTree = "<group>"; };
		4D421E1320B356CA012D0932 /* Pods-Brownfield.release.xcconfig */ = {isa = PBXFileReference; includeInIndex = 1; lastKnownFileType = text.xcconfig; name = "Pods-Brownfield.release.xcconfig"; path = "Target Support Files/Pods-Brownfield/Pods-Brownfield.release.xcconfig"; sourceTree = "<group>"; };
		55F42409201041567F4145A9 /* Pods-Brownfield.debug.xcconfig */ = {isa = PBXFileReference; includeInIndex = 1; lastKnownFileType = text.xcconfig; name = "Pods-Brownfield.debug.xcconfig"; path = "Target Support Files/Pods-Brownfield/Pods-Brownfield.debug.xcconfig"; sourceTree = "<group>"; };
		89F51DB29B15F405D3B4DAEC /* libPods-Brownfield.a */ = {isa = PBXFileReference; explicitFileType = archive.ar; includeInIndex = 0; path = "libPods-Brownfield.a"; sourceTree = BUILT_PRODUCTS_DIR; };
/* End PBXFileReference section */

/* Begin PBXFrameworksBuildPhase section */
		204C98FF2B68D1730011A93B /* Frameworks */ = {
			isa = PBXFrameworksBuildPhase;
			buildActionMask = 2147483647;
			files = (
				DB09FFC0D51F8F1295CE083C /* libPods-Brownfield.a in Frameworks */,
			);
			runOnlyForDeploymentPostprocessing = 0;
		};
/* End PBXFrameworksBuildPhase section */

/* Begin PBXGroup section */
		204C98F92B68D1730011A93B = {
			isa = PBXGroup;
			children = (
				204C99042B68D1730011A93B /* Brownfield */,
				204C99032B68D1730011A93B /* Products */,
				CADDD79F01FD1E599351E0BE /* Pods */,
				D3C0034947A3EB137DBEB15F /* Frameworks */,
			);
			sourceTree = "<group>";
		};
		204C99032B68D1730011A93B /* Products */ = {
			isa = PBXGroup;
			children = (
				204C99022B68D1730011A93B /* Brownfield.app */,
			);
			name = Products;
			sourceTree = "<group>";
		};
		204C99042B68D1730011A93B /* Brownfield */ = {
			isa = PBXGroup;
			children = (
				204C99052B68D1730011A93B /* AppDelegate.h */,
				204C99062B68D1730011A93B /* AppDelegate.m */,
				204C99082B68D1730011A93B /* SceneDelegate.h */,
				20326DF22B68EE35006D5709 /* ReactBridgeDelegate.h */,
				20326DF32B68EE35006D5709 /* ReactBridgeDelegate.m */,
				204C99092B68D1730011A93B /* SceneDelegate.m */,
				204C990B2B68D1730011A93B /* ReactViewController.h */,
				204C990C2B68D1730011A93B /* ReactViewController.m */,
				204C990E2B68D1730011A93B /* Main.storyboard */,
				204C99112B68D1750011A93B /* Assets.xcassets */,
				204C99132B68D1750011A93B /* LaunchScreen.storyboard */,
				204C99162B68D1750011A93B /* Info.plist */,
				204C99172B68D1750011A93B /* main.m */,
			);
			path = Brownfield;
			sourceTree = "<group>";
		};
		CADDD79F01FD1E599351E0BE /* Pods */ = {
			isa = PBXGroup;
			children = (
				55F42409201041567F4145A9 /* Pods-Brownfield.debug.xcconfig */,
				4D421E1320B356CA012D0932 /* Pods-Brownfield.release.xcconfig */,
			);
			path = Pods;
			sourceTree = "<group>";
		};
		D3C0034947A3EB137DBEB15F /* Frameworks */ = {
			isa = PBXGroup;
			children = (
				89F51DB29B15F405D3B4DAEC /* libPods-Brownfield.a */,
			);
			name = Frameworks;
			sourceTree = "<group>";
		};
/* End PBXGroup section */

/* Begin PBXNativeTarget section */
		204C99012B68D1730011A93B /* Brownfield */ = {
			isa = PBXNativeTarget;
			buildConfigurationList = 204C991B2B68D1750011A93B /* Build configuration list for PBXNativeTarget "Brownfield" */;
			buildPhases = (
				B72267BA8CB4224BA8A7A48F /* [CP] Check Pods Manifest.lock */,
				204C98FE2B68D1730011A93B /* Sources */,
				204C98FF2B68D1730011A93B /* Frameworks */,
				204C99002B68D1730011A93B /* Resources */,
				209D5E3C2B6C2747002D5D86 /* Bundle React Native code and images */,
				0A5786A7B75862ED56A1A048 /* [CP] Embed Pods Frameworks */,
				569F8F7DA4E801788514A600 /* [CP] Copy Pods Resources */,
			);
			buildRules = (
			);
			dependencies = (
			);
			name = Brownfield;
			productName = Brownfield;
			productReference = 204C99022B68D1730011A93B /* Brownfield.app */;
			productType = "com.apple.product-type.application";
		};
/* End PBXNativeTarget section */

/* Begin PBXProject section */
		204C98FA2B68D1730011A93B /* Project object */ = {
			isa = PBXProject;
			attributes = {
				BuildIndependentTargetsInParallel = 1;
				LastUpgradeCheck = 1500;
				TargetAttributes = {
					204C99012B68D1730011A93B = {
						CreatedOnToolsVersion = 15.0.1;
					};
				};
			};
			buildConfigurationList = 204C98FD2B68D1730011A93B /* Build configuration list for PBXProject "Brownfield" */;
			compatibilityVersion = "Xcode 14.0";
			developmentRegion = en;
			hasScannedForEncodings = 0;
			knownRegions = (
				en,
				Base,
			);
			mainGroup = 204C98F92B68D1730011A93B;
			productRefGroup = 204C99032B68D1730011A93B /* Products */;
			projectDirPath = "";
			projectRoot = "";
			targets = (
				204C99012B68D1730011A93B /* Brownfield */,
			);
		};
/* End PBXProject section */

/* Begin PBXResourcesBuildPhase section */
		204C99002B68D1730011A93B /* Resources */ = {
			isa = PBXResourcesBuildPhase;
			buildActionMask = 2147483647;
			files = (
				204C99152B68D1750011A93B /* LaunchScreen.storyboard in Resources */,
				204C99122B68D1750011A93B /* Assets.xcassets in Resources */,
				204C99102B68D1730011A93B /* Main.storyboard in Resources */,
			);
			runOnlyForDeploymentPostprocessing = 0;
		};
/* End PBXResourcesBuildPhase section */

/* Begin PBXShellScriptBuildPhase section */
		0A5786A7B75862ED56A1A048 /* [CP] Embed Pods Frameworks */ = {
			isa = PBXShellScriptBuildPhase;
			buildActionMask = 2147483647;
			files = (
			);
			inputFileListPaths = (
				"${PODS_ROOT}/Target Support Files/Pods-Brownfield/Pods-Brownfield-frameworks-${CONFIGURATION}-input-files.xcfilelist",
			);
			name = "[CP] Embed Pods Frameworks";
			outputFileListPaths = (
				"${PODS_ROOT}/Target Support Files/Pods-Brownfield/Pods-Brownfield-frameworks-${CONFIGURATION}-output-files.xcfilelist",
			);
			runOnlyForDeploymentPostprocessing = 0;
			shellPath = /bin/sh;
			shellScript = "\"${PODS_ROOT}/Target Support Files/Pods-Brownfield/Pods-Brownfield-frameworks.sh\"\n";
			showEnvVarsInLog = 0;
		};
		209D5E3C2B6C2747002D5D86 /* Bundle React Native code and images */ = {
			isa = PBXShellScriptBuildPhase;
			buildActionMask = 2147483647;
			files = (
			);
			inputFileListPaths = (
			);
			inputPaths = (
			);
			name = "Bundle React Native code and images";
			outputFileListPaths = (
			);
			outputPaths = (
			);
			runOnlyForDeploymentPostprocessing = 0;
			shellPath = /bin/sh;
			shellScript = "set -e\n\nWITH_ENVIRONMENT=\"../node_modules/react-native/scripts/xcode/with-environment.sh\"\nREACT_NATIVE_XCODE=\"../node_modules/react-native/scripts/react-native-xcode.sh\"\n\n/bin/sh -c \"$WITH_ENVIRONMENT $REACT_NATIVE_XCODE\"\n";
		};
		569F8F7DA4E801788514A600 /* [CP] Copy Pods Resources */ = {
			isa = PBXShellScriptBuildPhase;
			buildActionMask = 2147483647;
			files = (
			);
			inputFileListPaths = (
				"${PODS_ROOT}/Target Support Files/Pods-Brownfield/Pods-Brownfield-resources-${CONFIGURATION}-input-files.xcfilelist",
			);
			name = "[CP] Copy Pods Resources";
			outputFileListPaths = (
				"${PODS_ROOT}/Target Support Files/Pods-Brownfield/Pods-Brownfield-resources-${CONFIGURATION}-output-files.xcfilelist",
			);
			runOnlyForDeploymentPostprocessing = 0;
			shellPath = /bin/sh;
			shellScript = "\"${PODS_ROOT}/Target Support Files/Pods-Brownfield/Pods-Brownfield-resources.sh\"\n";
			showEnvVarsInLog = 0;
		};
		B72267BA8CB4224BA8A7A48F /* [CP] Check Pods Manifest.lock */ = {
			isa = PBXShellScriptBuildPhase;
			buildActionMask = 2147483647;
			files = (
			);
			inputFileListPaths = (
			);
			inputPaths = (
				"${PODS_PODFILE_DIR_PATH}/Podfile.lock",
				"${PODS_ROOT}/Manifest.lock",
			);
			name = "[CP] Check Pods Manifest.lock";
			outputFileListPaths = (
			);
			outputPaths = (
				"$(DERIVED_FILE_DIR)/Pods-Brownfield-checkManifestLockResult.txt",
			);
			runOnlyForDeploymentPostprocessing = 0;
			shellPath = /bin/sh;
			shellScript = "diff \"${PODS_PODFILE_DIR_PATH}/Podfile.lock\" \"${PODS_ROOT}/Manifest.lock\" > /dev/null\nif [ $? != 0 ] ; then\n    # print error to STDERR\n    echo \"error: The sandbox is not in sync with the Podfile.lock. Run 'pod install' or update your CocoaPods installation.\" >&2\n    exit 1\nfi\n# This output is used by Xcode 'outputs' to avoid re-running this script phase.\necho \"SUCCESS\" > \"${SCRIPT_OUTPUT_FILE_0}\"\n";
			showEnvVarsInLog = 0;
		};
/* End PBXShellScriptBuildPhase section */

/* Begin PBXSourcesBuildPhase section */
		204C98FE2B68D1730011A93B /* Sources */ = {
			isa = PBXSourcesBuildPhase;
			buildActionMask = 2147483647;
			files = (
				204C990D2B68D1730011A93B /* ReactViewController.m in Sources */,
				204C99072B68D1730011A93B /* AppDelegate.m in Sources */,
				204C99182B68D1750011A93B /* main.m in Sources */,
				204C990A2B68D1730011A93B /* SceneDelegate.m in Sources */,
				20326DF42B68EE35006D5709 /* ReactBridgeDelegate.m in Sources */,
			);
			runOnlyForDeploymentPostprocessing = 0;
		};
/* End PBXSourcesBuildPhase section */

/* Begin PBXVariantGroup section */
		204C990E2B68D1730011A93B /* Main.storyboard */ = {
			isa = PBXVariantGroup;
			children = (
				204C990F2B68D1730011A93B /* Base */,
			);
			name = Main.storyboard;
			sourceTree = "<group>";
		};
		204C99132B68D1750011A93B /* LaunchScreen.storyboard */ = {
			isa = PBXVariantGroup;
			children = (
				204C99142B68D1750011A93B /* Base */,
			);
			name = LaunchScreen.storyboard;
			sourceTree = "<group>";
		};
/* End PBXVariantGroup section */

/* Begin XCBuildConfiguration section */
		204C99192B68D1750011A93B /* Debug */ = {
			isa = XCBuildConfiguration;
			buildSettings = {
				ALWAYS_SEARCH_USER_PATHS = NO;
				ASSETCATALOG_COMPILER_GENERATE_SWIFT_ASSET_SYMBOL_EXTENSIONS = YES;
				CLANG_ANALYZER_NONNULL = YES;
				CLANG_ANALYZER_NUMBER_OBJECT_CONVERSION = YES_AGGRESSIVE;
				CLANG_CXX_LANGUAGE_STANDARD = "c++20";
				CLANG_ENABLE_MODULES = YES;
				CLANG_ENABLE_OBJC_ARC = YES;
				CLANG_ENABLE_OBJC_WEAK = YES;
				CLANG_WARN_BLOCK_CAPTURE_AUTORELEASING = YES;
				CLANG_WARN_BOOL_CONVERSION = YES;
				CLANG_WARN_COMMA = YES;
				CLANG_WARN_CONSTANT_CONVERSION = YES;
				CLANG_WARN_DEPRECATED_OBJC_IMPLEMENTATIONS = YES;
				CLANG_WARN_DIRECT_OBJC_ISA_USAGE = YES_ERROR;
				CLANG_WARN_DOCUMENTATION_COMMENTS = YES;
				CLANG_WARN_EMPTY_BODY = YES;
				CLANG_WARN_ENUM_CONVERSION = YES;
				CLANG_WARN_INFINITE_RECURSION = YES;
				CLANG_WARN_INT_CONVERSION = YES;
				CLANG_WARN_NON_LITERAL_NULL_CONVERSION = YES;
				CLANG_WARN_OBJC_IMPLICIT_RETAIN_SELF = YES;
				CLANG_WARN_OBJC_LITERAL_CONVERSION = YES;
				CLANG_WARN_OBJC_ROOT_CLASS = YES_ERROR;
				CLANG_WARN_QUOTED_INCLUDE_IN_FRAMEWORK_HEADER = YES;
				CLANG_WARN_RANGE_LOOP_ANALYSIS = YES;
				CLANG_WARN_STRICT_PROTOTYPES = YES;
				CLANG_WARN_SUSPICIOUS_MOVE = YES;
				CLANG_WARN_UNGUARDED_AVAILABILITY = YES_AGGRESSIVE;
				CLANG_WARN_UNREACHABLE_CODE = YES;
				CLANG_WARN__DUPLICATE_METHOD_MATCH = YES;
				COPY_PHASE_STRIP = NO;
				DEBUG_INFORMATION_FORMAT = dwarf;
				ENABLE_STRICT_OBJC_MSGSEND = YES;
				ENABLE_TESTABILITY = YES;
				ENABLE_USER_SCRIPT_SANDBOXING = YES;
				"EXCLUDED_ARCHS[sdk=iphonesimulator*]" = i386;
				GCC_C_LANGUAGE_STANDARD = gnu17;
				GCC_DYNAMIC_NO_PIC = NO;
				GCC_NO_COMMON_BLOCKS = YES;
				GCC_OPTIMIZATION_LEVEL = 0;
				GCC_PREPROCESSOR_DEFINITIONS = (
					"DEBUG=1",
					"$(inherited)",
				);
				GCC_WARN_64_TO_32_BIT_CONVERSION = YES;
				GCC_WARN_ABOUT_RETURN_TYPE = YES_ERROR;
				GCC_WARN_UNDECLARED_SELECTOR = YES;
				GCC_WARN_UNINITIALIZED_AUTOS = YES_AGGRESSIVE;
				GCC_WARN_UNUSED_FUNCTION = YES;
				GCC_WARN_UNUSED_VARIABLE = YES;
				IPHONEOS_DEPLOYMENT_TARGET = 17.0;
				LOCALIZATION_PREFERS_STRING_CATALOGS = YES;
				MTL_ENABLE_DEBUG_INFO = INCLUDE_SOURCE;
				MTL_FAST_MATH = YES;
				ONLY_ACTIVE_ARCH = YES;
				OTHER_CFLAGS = "$(inherited)";
				OTHER_CPLUSPLUSFLAGS = "$(inherited)";
				OTHER_LDFLAGS = (
					"$(inherited)",
					"-Wl",
					"-ld_classic",
				);
				REACT_NATIVE_PATH = "${PODS_ROOT}/../../node_modules/react-native";
				SDKROOT = iphoneos;
				USE_HERMES = true;
			};
			name = Debug;
		};
		204C991A2B68D1750011A93B /* Release */ = {
			isa = XCBuildConfiguration;
			buildSettings = {
				ALWAYS_SEARCH_USER_PATHS = NO;
				ASSETCATALOG_COMPILER_GENERATE_SWIFT_ASSET_SYMBOL_EXTENSIONS = YES;
				CLANG_ANALYZER_NONNULL = YES;
				CLANG_ANALYZER_NUMBER_OBJECT_CONVERSION = YES_AGGRESSIVE;
				CLANG_CXX_LANGUAGE_STANDARD = "c++20";
				CLANG_ENABLE_MODULES = YES;
				CLANG_ENABLE_OBJC_ARC = YES;
				CLANG_ENABLE_OBJC_WEAK = YES;
				CLANG_WARN_BLOCK_CAPTURE_AUTORELEASING = YES;
				CLANG_WARN_BOOL_CONVERSION = YES;
				CLANG_WARN_COMMA = YES;
				CLANG_WARN_CONSTANT_CONVERSION = YES;
				CLANG_WARN_DEPRECATED_OBJC_IMPLEMENTATIONS = YES;
				CLANG_WARN_DIRECT_OBJC_ISA_USAGE = YES_ERROR;
				CLANG_WARN_DOCUMENTATION_COMMENTS = YES;
				CLANG_WARN_EMPTY_BODY = YES;
				CLANG_WARN_ENUM_CONVERSION = YES;
				CLANG_WARN_INFINITE_RECURSION = YES;
				CLANG_WARN_INT_CONVERSION = YES;
				CLANG_WARN_NON_LITERAL_NULL_CONVERSION = YES;
				CLANG_WARN_OBJC_IMPLICIT_RETAIN_SELF = YES;
				CLANG_WARN_OBJC_LITERAL_CONVERSION = YES;
				CLANG_WARN_OBJC_ROOT_CLASS = YES_ERROR;
				CLANG_WARN_QUOTED_INCLUDE_IN_FRAMEWORK_HEADER = YES;
				CLANG_WARN_RANGE_LOOP_ANALYSIS = YES;
				CLANG_WARN_STRICT_PROTOTYPES = YES;
				CLANG_WARN_SUSPICIOUS_MOVE = YES;
				CLANG_WARN_UNGUARDED_AVAILABILITY = YES_AGGRESSIVE;
				CLANG_WARN_UNREACHABLE_CODE = YES;
				CLANG_WARN__DUPLICATE_METHOD_MATCH = YES;
				COPY_PHASE_STRIP = NO;
				DEBUG_INFORMATION_FORMAT = "dwarf-with-dsym";
				ENABLE_NS_ASSERTIONS = NO;
				ENABLE_STRICT_OBJC_MSGSEND = YES;
				ENABLE_USER_SCRIPT_SANDBOXING = YES;
				"EXCLUDED_ARCHS[sdk=iphonesimulator*]" = i386;
				GCC_C_LANGUAGE_STANDARD = gnu17;
				GCC_NO_COMMON_BLOCKS = YES;
				GCC_WARN_64_TO_32_BIT_CONVERSION = YES;
				GCC_WARN_ABOUT_RETURN_TYPE = YES_ERROR;
				GCC_WARN_UNDECLARED_SELECTOR = YES;
				GCC_WARN_UNINITIALIZED_AUTOS = YES_AGGRESSIVE;
				GCC_WARN_UNUSED_FUNCTION = YES;
				GCC_WARN_UNUSED_VARIABLE = YES;
				IPHONEOS_DEPLOYMENT_TARGET = 17.0;
				LOCALIZATION_PREFERS_STRING_CATALOGS = YES;
				MTL_ENABLE_DEBUG_INFO = NO;
				MTL_FAST_MATH = YES;
				OTHER_CFLAGS = "$(inherited)";
				OTHER_CPLUSPLUSFLAGS = "$(inherited)";
				OTHER_LDFLAGS = (
					"$(inherited)",
					"-Wl",
					"-ld_classic",
				);
				REACT_NATIVE_PATH = "${PODS_ROOT}/../../node_modules/react-native";
				SDKROOT = iphoneos;
				USE_HERMES = true;
				VALIDATE_PRODUCT = YES;
			};
			name = Release;
		};
		204C991C2B68D1750011A93B /* Debug */ = {
			isa = XCBuildConfiguration;
			baseConfigurationReference = 55F42409201041567F4145A9 /* Pods-Brownfield.debug.xcconfig */;
			buildSettings = {
				ASSETCATALOG_COMPILER_APPICON_NAME = AppIcon;
				ASSETCATALOG_COMPILER_GLOBAL_ACCENT_COLOR_NAME = AccentColor;
				CODE_SIGN_STYLE = Automatic;
				CURRENT_PROJECT_VERSION = 1;
				DEVELOPMENT_TEAM = PJL7DA2X5F;
				ENABLE_USER_SCRIPT_SANDBOXING = NO;
				GENERATE_INFOPLIST_FILE = YES;
				INFOPLIST_FILE = Brownfield/Info.plist;
				INFOPLIST_KEY_UIApplicationSupportsIndirectInputEvents = YES;
				INFOPLIST_KEY_UILaunchStoryboardName = LaunchScreen;
				INFOPLIST_KEY_UIMainStoryboardFile = Main;
				INFOPLIST_KEY_UISupportedInterfaceOrientations_iPad = "UIInterfaceOrientationPortrait UIInterfaceOrientationPortraitUpsideDown UIInterfaceOrientationLandscapeLeft UIInterfaceOrientationLandscapeRight";
				INFOPLIST_KEY_UISupportedInterfaceOrientations_iPhone = "UIInterfaceOrientationPortrait UIInterfaceOrientationLandscapeLeft UIInterfaceOrientationLandscapeRight";
				LD_RUNPATH_SEARCH_PATHS = (
					"$(inherited)",
					"@executable_path/Frameworks",
				);
				MARKETING_VERSION = 1.0;
				PRODUCT_BUNDLE_IDENTIFIER = com.callstack.Brownfield;
				PRODUCT_NAME = "$(TARGET_NAME)";
				SWIFT_EMIT_LOC_STRINGS = YES;
				TARGETED_DEVICE_FAMILY = "1,2";
			};
			name = Debug;
		};
		204C991D2B68D1750011A93B /* Release */ = {
			isa = XCBuildConfiguration;
			baseConfigurationReference = 4D421E1320B356CA012D0932 /* Pods-Brownfield.release.xcconfig */;
			buildSettings = {
				ASSETCATALOG_COMPILER_APPICON_NAME = AppIcon;
				ASSETCATALOG_COMPILER_GLOBAL_ACCENT_COLOR_NAME = AccentColor;
				CODE_SIGN_STYLE = Automatic;
				CURRENT_PROJECT_VERSION = 1;
				DEVELOPMENT_TEAM = PJL7DA2X5F;
				ENABLE_USER_SCRIPT_SANDBOXING = NO;
				GENERATE_INFOPLIST_FILE = YES;
				INFOPLIST_FILE = Brownfield/Info.plist;
				INFOPLIST_KEY_UIApplicationSupportsIndirectInputEvents = YES;
				INFOPLIST_KEY_UILaunchStoryboardName = LaunchScreen;
				INFOPLIST_KEY_UIMainStoryboardFile = Main;
				INFOPLIST_KEY_UISupportedInterfaceOrientations_iPad = "UIInterfaceOrientationPortrait UIInterfaceOrientationPortraitUpsideDown UIInterfaceOrientationLandscapeLeft UIInterfaceOrientationLandscapeRight";
				INFOPLIST_KEY_UISupportedInterfaceOrientations_iPhone = "UIInterfaceOrientationPortrait UIInterfaceOrientationLandscapeLeft UIInterfaceOrientationLandscapeRight";
				LD_RUNPATH_SEARCH_PATHS = (
					"$(inherited)",
					"@executable_path/Frameworks",
				);
				MARKETING_VERSION = 1.0;
				PRODUCT_BUNDLE_IDENTIFIER = com.callstack.Brownfield;
				PRODUCT_NAME = "$(TARGET_NAME)";
				SWIFT_EMIT_LOC_STRINGS = YES;
				TARGETED_DEVICE_FAMILY = "1,2";
			};
			name = Release;
		};
/* End XCBuildConfiguration section */

/* Begin XCConfigurationList section */
		204C98FD2B68D1730011A93B /* Build configuration list for PBXProject "Brownfield" */ = {
			isa = XCConfigurationList;
			buildConfigurations = (
				204C99192B68D1750011A93B /* Debug */,
				204C991A2B68D1750011A93B /* Release */,
			);
			defaultConfigurationIsVisible = 0;
			defaultConfigurationName = Release;
		};
		204C991B2B68D1750011A93B /* Build configuration list for PBXNativeTarget "Brownfield" */ = {
			isa = XCConfigurationList;
			buildConfigurations = (
				204C991C2B68D1750011A93B /* Debug */,
				204C991D2B68D1750011A93B /* Release */,
			);
			defaultConfigurationIsVisible = 0;
			defaultConfigurationName = Release;
		};
/* End XCConfigurationList section */
	};
	rootObject = 204C98FA2B68D1730011A93B /* Project object */;
}
